
Microsoft Visual Studio Solution File, Format Version 12.00
# Visual Studio Version 17
VisualStudioVersion = 17.14.36717.8
MinimumVisualStudioVersion = 10.0.40219.1
Project("{FAE04EC0-301F-11D3-BF4B-00C04F79EFBC}") = "CopaDoMundo.Models", "CopaDoMundo.Models\CopaDoMundo.Models.csproj", "{AB461FDF-AB7C-9990-62E0-66EB6E7CA09E}"
EndProject
Project("{FAE04EC0-301F-11D3-BF4B-00C04F79EFBC}") = "CopaDoMundo2026.Api", "CopaDoMundo2026.Api\CopaDoMundo2026.Api.csproj", "{D3E97283-90B6-3788-FE5B-C8C420F270B8}"
EndProject
Project("{FAE04EC0-301F-11D3-BF4B-00C04F79EFBC}") = "CopaDoMundo2026", "CopaDoMundo2026.App\CopaDoMundo2026.csproj", "{57E10422-1AEE-ADAD-F02E-A136A91B6CAF}"
EndProject
Global
	GlobalSection(SolutionConfigurationPlatforms) = preSolution
		Debug|Any CPU = Debug|Any CPU
		Release|Any CPU = Release|Any CPU
	EndGlobalSection
	GlobalSection(ProjectConfigurationPlatforms) = postSolution
		{AB461FDF-AB7C-9990-62E0-66EB6E7CA09E}.Debug|Any CPU.ActiveCfg = Debug|Any CPU
		{AB461FDF-AB7C-9990-62E0-66EB6E7CA09E}.Debug|Any CPU.Build.0 = Debug|Any CPU
		{AB461FDF-AB7C-9990-62E0-66EB6E7CA09E}.Release|Any CPU.ActiveCfg = Release|Any CPU
		{AB461FDF-AB7C-9990-62E0-66EB6E7CA09E}.Release|Any CPU.Build.0 = Release|Any CPU
		{D3E97283-90B6-3788-FE5B-C8C420F270B8}.Debug|Any CPU.ActiveCfg = Debug|Any CPU
		{D3E97283-90B6-3788-FE5B-C8C420F270B8}.Debug|Any CPU.Build.0 = Debug|Any CPU
		{D3E97283-90B6-3788-FE5B-C8C420F270B8}.Release|Any CPU.ActiveCfg = Release|Any CPU
		{D3E97283-90B6-3788-FE5B-C8C420F270B8}.Release|Any CPU.Build.0 = Release|Any CPU
		{57E10422-1AEE-ADAD-F02E-A136A91B6CAF}.Debug|Any CPU.ActiveCfg = Debug|Any CPU
		{57E10422-1AEE-ADAD-F02E-A136A91B6CAF}.Debug|Any CPU.Build.0 = Debug|Any CPU
		{57E10422-1AEE-ADAD-F02E-A136A91B6CAF}.Release|Any CPU.ActiveCfg = Release|Any CPU
		{57E10422-1AEE-ADAD-F02E-A136A91B6CAF}.Release|Any CPU.Build.0 = Release|Any CPU
	EndGlobalSection
	GlobalSection(SolutionProperties) = preSolution
		HideSolutionNode = FALSE
	EndGlobalSection
	GlobalSection(ExtensibilityGlobals) = postSolution
		SolutionGuid = {A7243DBD-3EC1-4FE8-A5A6-9BB64A234774}
	EndGlobalSection
EndGlobal
